// !$*UTF8*$!
{
	archiveVersion = 1;
	classes = {
	};
	objectVersion = 50;
	objects = {

/* Begin PBXBuildFile section */
		D905548721D0B6E3008C7AF4 /* LocationDetailViewController.swift in Sources */ = {isa = PBXBuildFile; fileRef = D905548621D0B6E3008C7AF4 /* LocationDetailViewController.swift */; };
		D905548921D395D9008C7AF4 /* CategoryPickerViewController.swift in Sources */ = {isa = PBXBuildFile; fileRef = D905548821D395D9008C7AF4 /* CategoryPickerViewController.swift */; };
		D968577621D3A55900395E80 /* HudView.swift in Sources */ = {isa = PBXBuildFile; fileRef = D968577521D3A55900395E80 /* HudView.swift */; };
		D981DEF621CDD45E004DBEB1 /* AppDelegate.swift in Sources */ = {isa = PBXBuildFile; fileRef = D981DEF521CDD45E004DBEB1 /* AppDelegate.swift */; };
		D981DEF821CDD45E004DBEB1 /* CurrentLocationViewController.swift in Sources */ = {isa = PBXBuildFile; fileRef = D981DEF721CDD45E004DBEB1 /* CurrentLocationViewController.swift */; };
		D981DEFD21CDD45E004DBEB1 /* Main.storyboard in Resources */ = {isa = PBXBuildFile; fileRef = D981DEFB21CDD45E004DBEB1 /* Main.storyboard */; settings = {ASSET_TAGS = (101, ); }; };
		D981DEFF21CDD45F004DBEB1 /* Assets.xcassets in Resources */ = {isa = PBXBuildFile; fileRef = D981DEFE21CDD45F004DBEB1 /* Assets.xcassets */; };
		D981DF0221CDD45F004DBEB1 /* LaunchScreen.storyboard in Resources */ = {isa = PBXBuildFile; fileRef = D981DF0021CDD45F004DBEB1 /* LaunchScreen.storyboard */; };
		D9D51AA621D8A00900597942 /* Functions.swift in Sources */ = {isa = PBXBuildFile; fileRef = D9D51AA521D8A00900597942 /* Functions.swift */; };
		D9D51AA921D8A79300597942 /* DataModel.xcdatamodeld in Sources */ = {isa = PBXBuildFile; fileRef = D9D51AA721D8A79300597942 /* DataModel.xcdatamodeld */; };
		D9D51AAC21D8C2EE00597942 /* Location+CoreDataClass.swift in Sources */ = {isa = PBXBuildFile; fileRef = D9D51AAA21D8C2EE00597942 /* Location+CoreDataClass.swift */; };
		D9D51AAD21D8C2EE00597942 /* Location+CoreDataProperties.swift in Sources */ = {isa = PBXBuildFile; fileRef = D9D51AAB21D8C2EE00597942 /* Location+CoreDataProperties.swift */; };
		D9D51AB121DA04F100597942 /* LocationsViewController.swift in Sources */ = {isa = PBXBuildFile; fileRef = D9D51AB021DA04F100597942 /* LocationsViewController.swift */; };
		D9D51AB321DC9A0C00597942 /* LocationCell.swift in Sources */ = {isa = PBXBuildFile; fileRef = D9D51AB221DC9A0C00597942 /* LocationCell.swift */; };
		D9D51AB621DDE09A00597942 /* MapKit.framework in Frameworks */ = {isa = PBXBuildFile; fileRef = D9D51AB521DDE09A00597942 /* MapKit.framework */; };
		D9D51AB921DDE45A00597942 /* MapViewController.swift in Sources */ = {isa = PBXBuildFile; fileRef = D9D51AB821DDE45A00597942 /* MapViewController.swift */; };
		D9D51ABB21DF3EC600597942 /* UIImage+Resize.swift in Sources */ = {isa = PBXBuildFile; fileRef = D9D51ABA21DF3EC600597942 /* UIImage+Resize.swift */; };
/* End PBXBuildFile section */

/* Begin PBXFileReference section */
		D905548621D0B6E3008C7AF4 /* LocationDetailViewController.swift */ = {isa = PBXFileReference; lastKnownFileType = sourcecode.swift; path = LocationDetailViewController.swift; sourceTree = "<group>"; };
		D905548821D395D9008C7AF4 /* CategoryPickerViewController.swift */ = {isa = PBXFileReference; lastKnownFileType = sourcecode.swift; path = CategoryPickerViewController.swift; sourceTree = "<group>"; };
		D968577521D3A55900395E80 /* HudView.swift */ = {isa = PBXFileReference; lastKnownFileType = sourcecode.swift; path = HudView.swift; sourceTree = "<group>"; };
		D981DEF221CDD45E004DBEB1 /* Sec3_MyLocations.app */ = {isa = PBXFileReference; explicitFileType = wrapper.application; includeInIndex = 0; path = Sec3_MyLocations.app; sourceTree = BUILT_PRODUCTS_DIR; };
		D981DEF521CDD45E004DBEB1 /* AppDelegate.swift */ = {isa = PBXFileReference; lastKnownFileType = sourcecode.swift; path = AppDelegate.swift; sourceTree = "<group>"; };
		D981DEF721CDD45E004DBEB1 /* CurrentLocationViewController.swift */ = {isa = PBXFileReference; lastKnownFileType = sourcecode.swift; path = CurrentLocationViewController.swift; sourceTree = "<group>"; };
		D981DEFC21CDD45E004DBEB1 /* Base */ = {isa = PBXFileReference; lastKnownFileType = file.storyboard; name = Base; path = Base.lproj/Main.storyboard; sourceTree = "<group>"; };
		D981DEFE21CDD45F004DBEB1 /* Assets.xcassets */ = {isa = PBXFileReference; lastKnownFileType = folder.assetcatalog; path = Assets.xcassets; sourceTree = "<group>"; };
		D981DF0121CDD45F004DBEB1 /* Base */ = {isa = PBXFileReference; lastKnownFileType = file.storyboard; name = Base; path = Base.lproj/LaunchScreen.storyboard; sourceTree = "<group>"; };
		D981DF0321CDD45F004DBEB1 /* Info.plist */ = {isa = PBXFileReference; lastKnownFileType = text.plist.xml; path = Info.plist; sourceTree = "<group>"; };
		D9D51AA521D8A00900597942 /* Functions.swift */ = {isa = PBXFileReference; lastKnownFileType = sourcecode.swift; path = Functions.swift; sourceTree = "<group>"; };
		D9D51AA821D8A79300597942 /* DataModel.xcdatamodel */ = {isa = PBXFileReference; lastKnownFileType = wrapper.xcdatamodel; path = DataModel.xcdatamodel; sourceTree = "<group>"; };
		D9D51AAA21D8C2EE00597942 /* Location+CoreDataClass.swift */ = {isa = PBXFileReference; lastKnownFileType = sourcecode.swift; path = "Location+CoreDataClass.swift"; sourceTree = "<group>"; };
		D9D51AAB21D8C2EE00597942 /* Location+CoreDataProperties.swift */ = {isa = PBXFileReference; lastKnownFileType = sourcecode.swift; path = "Location+CoreDataProperties.swift"; sourceTree = "<group>"; };
		D9D51AB021DA04F100597942 /* LocationsViewController.swift */ = {isa = PBXFileReference; lastKnownFileType = sourcecode.swift; path = LocationsViewController.swift; sourceTree = "<group>"; };
		D9D51AB221DC9A0C00597942 /* LocationCell.swift */ = {isa = PBXFileReference; lastKnownFileType = sourcecode.swift; path = LocationCell.swift; sourceTree = "<group>"; };
		D9D51AB521DDE09A00597942 /* MapKit.framework */ = {isa = PBXFileReference; lastKnownFileType = wrapper.framework; name = MapKit.framework; path = System/Library/Frameworks/MapKit.framework; sourceTree = SDKROOT; };
		D9D51AB821DDE45A00597942 /* MapViewController.swift */ = {isa = PBXFileReference; lastKnownFileType = sourcecode.swift; path = MapViewController.swift; sourceTree = "<group>"; };
		D9D51ABA21DF3EC600597942 /* UIImage+Resize.swift */ = {isa = PBXFileReference; lastKnownFileType = sourcecode.swift; path = "UIImage+Resize.swift"; sourceTree = "<group>"; };
/* End PBXFileReference section */

/* Begin PBXFrameworksBuildPhase section */
		D981DEEF21CDD45E004DBEB1 /* Frameworks */ = {
			isa = PBXFrameworksBuildPhase;
			buildActionMask = 2147483647;
			files = (
				D9D51AB621DDE09A00597942 /* MapKit.framework in Frameworks */,
			);
			runOnlyForDeploymentPostprocessing = 0;
		};
/* End PBXFrameworksBuildPhase section */

/* Begin PBXGroup section */
		D981DEE921CDD45E004DBEB1 = {
			isa = PBXGroup;
			children = (
				D9D51AAA21D8C2EE00597942 /* Location+CoreDataClass.swift */,
				D9D51ABA21DF3EC600597942 /* UIImage+Resize.swift */,
				D9D51AAB21D8C2EE00597942 /* Location+CoreDataProperties.swift */,
				D981DEF421CDD45E004DBEB1 /* Sec3_MyLocations */,
				D981DEF321CDD45E004DBEB1 /* Products */,
				D9D51AB421DDE09A00597942 /* Frameworks */,
			);
			sourceTree = "<group>";
		};
		D981DEF321CDD45E004DBEB1 /* Products */ = {
			isa = PBXGroup;
			children = (
				D981DEF221CDD45E004DBEB1 /* Sec3_MyLocations.app */,
			);
			name = Products;
			sourceTree = "<group>";
		};
		D981DEF421CDD45E004DBEB1 /* Sec3_MyLocations */ = {
			isa = PBXGroup;
			children = (
				D9D51AAE21DA025A00597942 /* Tab1 */,
				D9D51AAF21DA028300597942 /* Tab2 */,
				D9D51AB721DDE44200597942 /* Map */,
				D981DEF521CDD45E004DBEB1 /* AppDelegate.swift */,
				D968577521D3A55900395E80 /* HudView.swift */,
				D9D51AA521D8A00900597942 /* Functions.swift */,
				D981DEFB21CDD45E004DBEB1 /* Main.storyboard */,
				D981DEFE21CDD45F004DBEB1 /* Assets.xcassets */,
				D981DF0021CDD45F004DBEB1 /* LaunchScreen.storyboard */,
				D981DF0321CDD45F004DBEB1 /* Info.plist */,
				D9D51AA721D8A79300597942 /* DataModel.xcdatamodeld */,
			);
			path = Sec3_MyLocations;
			sourceTree = "<group>";
		};
		D9D51AAE21DA025A00597942 /* Tab1 */ = {
			isa = PBXGroup;
			children = (
				D981DEF721CDD45E004DBEB1 /* CurrentLocationViewController.swift */,
				D905548621D0B6E3008C7AF4 /* LocationDetailViewController.swift */,
				D905548821D395D9008C7AF4 /* CategoryPickerViewController.swift */,
			);
			path = Tab1;
			sourceTree = "<group>";
		};
		D9D51AAF21DA028300597942 /* Tab2 */ = {
			isa = PBXGroup;
			children = (
				D9D51AB021DA04F100597942 /* LocationsViewController.swift */,
				D9D51AB221DC9A0C00597942 /* LocationCell.swift */,
			);
			path = Tab2;
			sourceTree = "<group>";
		};
		D9D51AB421DDE09A00597942 /* Frameworks */ = {
			isa = PBXGroup;
			children = (
				D9D51AB521DDE09A00597942 /* MapKit.framework */,
			);
			name = Frameworks;
			sourceTree = "<group>";
		};
		D9D51AB721DDE44200597942 /* Map */ = {
			isa = PBXGroup;
			children = (
				D9D51AB821DDE45A00597942 /* MapViewController.swift */,
			);
			path = Map;
			sourceTree = "<group>";
		};
/* End PBXGroup section */

/* Begin PBXNativeTarget section */
		D981DEF121CDD45E004DBEB1 /* Sec3_MyLocations */ = {
			isa = PBXNativeTarget;
			buildConfigurationList = D981DF0621CDD45F004DBEB1 /* Build configuration list for PBXNativeTarget "Sec3_MyLocations" */;
			buildPhases = (
				D981DEEE21CDD45E004DBEB1 /* Sources */,
				D981DEEF21CDD45E004DBEB1 /* Frameworks */,
				D981DEF021CDD45E004DBEB1 /* Resources */,
			);
			buildRules = (
			);
			dependencies = (
			);
			name = Sec3_MyLocations;
			productName = Sec3_MyLocations;
			productReference = D981DEF221CDD45E004DBEB1 /* Sec3_MyLocations.app */;
			productType = "com.apple.product-type.application";
		};
/* End PBXNativeTarget section */

/* Begin PBXProject section */
		D981DEEA21CDD45E004DBEB1 /* Project object */ = {
			isa = PBXProject;
			attributes = {
				KnownAssetTags = (
					100,
					101,
				);
				LastSwiftUpdateCheck = 1010;
				LastUpgradeCheck = 1010;
				ORGANIZATIONNAME = onemoon;
				TargetAttributes = {
					D981DEF121CDD45E004DBEB1 = {
						CreatedOnToolsVersion = 10.1;
						SystemCapabilities = {
							com.apple.Maps.iOS = {
								enabled = 1;
							};
						};
					};
				};
			};
			buildConfigurationList = D981DEED21CDD45E004DBEB1 /* Build configuration list for PBXProject "Sec3_MyLocations" */;
			compatibilityVersion = "Xcode 9.3";
			developmentRegion = en;
			hasScannedForEncodings = 0;
			knownRegions = (
				en,
				Base,
			);
			mainGroup = D981DEE921CDD45E004DBEB1;
			productRefGroup = D981DEF321CDD45E004DBEB1 /* Products */;
			projectDirPath = "";
			projectRoot = "";
			targets = (
				D981DEF121CDD45E004DBEB1 /* Sec3_MyLocations */,
			);
		};
/* End PBXProject section */

/* Begin PBXResourcesBuildPhase section */
		D981DEF021CDD45E004DBEB1 /* Resources */ = {
			isa = PBXResourcesBuildPhase;
			buildActionMask = 2147483647;
			files = (
				D981DF0221CDD45F004DBEB1 /* LaunchScreen.storyboard in Resources */,
				D981DEFF21CDD45F004DBEB1 /* Assets.xcassets in Resources */,
				D981DEFD21CDD45E004DBEB1 /* Main.storyboard in Resources */,
			);
			runOnlyForDeploymentPostprocessing = 0;
		};
/* End PBXResourcesBuildPhase section */

/* Begin PBXSourcesBuildPhase section */
		D981DEEE21CDD45E004DBEB1 /* Sources */ = {
			isa = PBXSourcesBuildPhase;
			buildActionMask = 2147483647;
			files = (
				D905548721D0B6E3008C7AF4 /* LocationDetailViewController.swift in Sources */,
				D9D51AA921D8A79300597942 /* DataModel.xcdatamodeld in Sources */,
				D968577621D3A55900395E80 /* HudView.swift in Sources */,
				D9D51AB121DA04F100597942 /* LocationsViewController.swift in Sources */,
				D9D51AAD21D8C2EE00597942 /* Location+CoreDataProperties.swift in Sources */,
				D9D51ABB21DF3EC600597942 /* UIImage+Resize.swift in Sources */,
				D9D51AB321DC9A0C00597942 /* LocationCell.swift in Sources */,
				D9D51AA621D8A00900597942 /* Functions.swift in Sources */,
				D9D51AB921DDE45A00597942 /* MapViewController.swift in Sources */,
				D981DEF621CDD45E004DBEB1 /* AppDelegate.swift in Sources */,
				D9D51AAC21D8C2EE00597942 /* Location+CoreDataClass.swift in Sources */,
				D905548921D395D9008C7AF4 /* CategoryPickerViewController.swift in Sources */,
				D981DEF821CDD45E004DBEB1 /* CurrentLocationViewController.swift in Sources */,
			);
			runOnlyForDeploymentPostprocessing = 0;
		};
/* End PBXSourcesBuildPhase section */

/* Begin PBXVariantGroup section */
		D981DEFB21CDD45E004DBEB1 /* Main.storyboard */ = {
			isa = PBXVariantGroup;
			children = (
				D981DEFC21CDD45E004DBEB1 /* Base */,
			);
			name = Main.storyboard;
			sourceTree = "<group>";
		};
		D981DF0021CDD45F004DBEB1 /* LaunchScreen.storyboard */ = {
			isa = PBXVariantGroup;
			children = (
				D981DF0121CDD45F004DBEB1 /* Base */,
			);
			name = LaunchScreen.storyboard;
			sourceTree = "<group>";
		};
/* End PBXVariantGroup section */

/* Begin XCBuildConfiguration section */
		D981DF0421CDD45F004DBEB1 /* Debug */ = {
			isa = XCBuildConfiguration;
			buildSettings = {
				ALWAYS_SEARCH_USER_PATHS = NO;
				CLANG_ANALYZER_NONNULL = YES;
				CLANG_ANALYZER_NUMBER_OBJECT_CONVERSION = YES_AGGRESSIVE;
				CLANG_CXX_LANGUAGE_STANDARD = "gnu++14";
				CLANG_CXX_LIBRARY = "libc++";
				CLANG_ENABLE_MODULES = YES;
				CLANG_ENABLE_OBJC_ARC = YES;
				CLANG_ENABLE_OBJC_WEAK = YES;
				CLANG_WARN_BLOCK_CAPTURE_AUTORELEASING = YES;
				CLANG_WARN_BOOL_CONVERSION = YES;
				CLANG_WARN_COMMA = YES;
				CLANG_WARN_CONSTANT_CONVERSION = YES;
				CLANG_WARN_DEPRECATED_OBJC_IMPLEMENTATIONS = YES;
				CLANG_WARN_DIRECT_OBJC_ISA_USAGE = YES_ERROR;
				CLANG_WARN_DOCUMENTATION_COMMENTS = YES;
				CLANG_WARN_EMPTY_BODY = YES;
				CLANG_WARN_ENUM_CONVERSION = YES;
				CLANG_WARN_INFINITE_RECURSION = YES;
				CLANG_WARN_INT_CONVERSION = YES;
				CLANG_WARN_NON_LITERAL_NULL_CONVERSION = YES;
				CLANG_WARN_OBJC_IMPLICIT_RETAIN_SELF = YES;
				CLANG_WARN_OBJC_LITERAL_CONVERSION = YES;
				CLANG_WARN_OBJC_ROOT_CLASS = YES_ERROR;
				CLANG_WARN_RANGE_LOOP_ANALYSIS = YES;
				CLANG_WARN_STRICT_PROTOTYPES = YES;
				CLANG_WARN_SUSPICIOUS_MOVE = YES;
				CLANG_WARN_UNGUARDED_AVAILABILITY = YES_AGGRESSIVE;
				CLANG_WARN_UNREACHABLE_CODE = YES;
				CLANG_WARN__DUPLICATE_METHOD_MATCH = YES;
				CODE_SIGN_IDENTITY = "iPhone Developer";
				COPY_PHASE_STRIP = NO;
				DEBUG_INFORMATION_FORMAT = dwarf;
				ENABLE_STRICT_OBJC_MSGSEND = YES;
				ENABLE_TESTABILITY = YES;
				GCC_C_LANGUAGE_STANDARD = gnu11;
				GCC_DYNAMIC_NO_PIC = NO;
				GCC_NO_COMMON_BLOCKS = YES;
				GCC_OPTIMIZATION_LEVEL = 0;
				GCC_PREPROCESSOR_DEFINITIONS = (
					"DEBUG=1",
					"$(inherited)",
				);
				GCC_WARN_64_TO_32_BIT_CONVERSION = YES;
				GCC_WARN_ABOUT_RETURN_TYPE = YES_ERROR;
				GCC_WARN_UNDECLARED_SELECTOR = YES;
				GCC_WARN_UNINITIALIZED_AUTOS = YES_AGGRESSIVE;
				GCC_WARN_UNUSED_FUNCTION = YES;
				GCC_WARN_UNUSED_VARIABLE = YES;
				IPHONEOS_DEPLOYMENT_TARGET = 12.1;
				MTL_ENABLE_DEBUG_INFO = INCLUDE_SOURCE;
				MTL_FAST_MATH = YES;
				ONLY_ACTIVE_ARCH = YES;
				SDKROOT = iphoneos;
				SWIFT_ACTIVE_COMPILATION_CONDITIONS = DEBUG;
				SWIFT_OPTIMIZATION_LEVEL = "-Onone";
			};
			name = Debug;
		};
		D981DF0521CDD45F004DBEB1 /* Release */ = {
			isa = XCBuildConfiguration;
			buildSettings = {
				ALWAYS_SEARCH_USER_PATHS = NO;
				CLANG_ANALYZER_NONNULL = YES;
				CLANG_ANALYZER_NUMBER_OBJECT_CONVERSION = YES_AGGRESSIVE;
				CLANG_CXX_LANGUAGE_STANDARD = "gnu++14";
				CLANG_CXX_LIBRARY = "libc++";
				CLANG_ENABLE_MODULES = YES;
				CLANG_ENABLE_OBJC_ARC = YES;
				CLANG_ENABLE_OBJC_WEAK = YES;
				CLANG_WARN_BLOCK_CAPTURE_AUTORELEASING = YES;
				CLANG_WARN_BOOL_CONVERSION = YES;
				CLANG_WARN_COMMA = YES;
				CLANG_WARN_CONSTANT_CONVERSION = YES;
				CLANG_WARN_DEPRECATED_OBJC_IMPLEMENTATIONS = YES;
				CLANG_WARN_DIRECT_OBJC_ISA_USAGE = YES_ERROR;
				CLANG_WARN_DOCUMENTATION_COMMENTS = YES;
				CLANG_WARN_EMPTY_BODY = YES;
				CLANG_WARN_ENUM_CONVERSION = YES;
				CLANG_WARN_INFINITE_RECURSION = YES;
				CLANG_WARN_INT_CONVERSION = YES;
				CLANG_WARN_NON_LITERAL_NULL_CONVERSION = YES;
				CLANG_WARN_OBJC_IMPLICIT_RETAIN_SELF = YES;
				CLANG_WARN_OBJC_LITERAL_CONVERSION = YES;
				CLANG_WARN_OBJC_ROOT_CLASS = YES_ERROR;
				CLANG_WARN_RANGE_LOOP_ANALYSIS = YES;
				CLANG_WARN_STRICT_PROTOTYPES = YES;
				CLANG_WARN_SUSPICIOUS_MOVE = YES;
				CLANG_WARN_UNGUARDED_AVAILABILITY = YES_AGGRESSIVE;
				CLANG_WARN_UNREACHABLE_CODE = YES;
				CLANG_WARN__DUPLICATE_METHOD_MATCH = YES;
				CODE_SIGN_IDENTITY = "iPhone Developer";
				COPY_PHASE_STRIP = NO;
				DEBUG_INFORMATION_FORMAT = "dwarf-with-dsym";
				ENABLE_NS_ASSERTIONS = NO;
				ENABLE_STRICT_OBJC_MSGSEND = YES;
				GCC_C_LANGUAGE_STANDARD = gnu11;
				GCC_NO_COMMON_BLOCKS = YES;
				GCC_WARN_64_TO_32_BIT_CONVERSION = YES;
				GCC_WARN_ABOUT_RETURN_TYPE = YES_ERROR;
				GCC_WARN_UNDECLARED_SELECTOR = YES;
				GCC_WARN_UNINITIALIZED_AUTOS = YES_AGGRESSIVE;
				GCC_WARN_UNUSED_FUNCTION = YES;
				GCC_WARN_UNUSED_VARIABLE = YES;
				IPHONEOS_DEPLOYMENT_TARGET = 12.1;
				MTL_ENABLE_DEBUG_INFO = NO;
				MTL_FAST_MATH = YES;
				SDKROOT = iphoneos;
				SWIFT_COMPILATION_MODE = wholemodule;
				SWIFT_OPTIMIZATION_LEVEL = "-O";
				VALIDATE_PRODUCT = YES;
			};
			name = Release;
		};
		D981DF0721CDD45F004DBEB1 /* Debug */ = {
			isa = XCBuildConfiguration;
			buildSettings = {
				ASSETCATALOG_COMPILER_APPICON_NAME = AppIcon;
				CODE_SIGN_STYLE = Automatic;
				DEVELOPMENT_TEAM = 74HR8KDU73;
				INFOPLIST_FILE = Sec3_MyLocations/Info.plist;
				LD_RUNPATH_SEARCH_PATHS = (
					"$(inherited)",
					"@executable_path/Frameworks",
				);
				PRODUCT_BUNDLE_IDENTIFIER = "com.example.Sec3-MyLocations";
				PRODUCT_NAME = "$(TARGET_NAME)";
				SWIFT_VERSION = 4.2;
				TARGETED_DEVICE_FAMILY = "1,2";
			};
			name = Debug;
		};
		D981DF0821CDD45F004DBEB1 /* Release */ = {
			isa = XCBuildConfiguration;
			buildSettings = {
				ASSETCATALOG_COMPILER_APPICON_NAME = AppIcon;
				CODE_SIGN_STYLE = Automatic;
				DEVELOPMENT_TEAM = 74HR8KDU73;
				INFOPLIST_FILE = Sec3_MyLocations/Info.plist;
				LD_RUNPATH_SEARCH_PATHS = (
					"$(inherited)",
					"@executable_path/Frameworks",
				);
				PRODUCT_BUNDLE_IDENTIFIER = "com.example.Sec3-MyLocations";
				PRODUCT_NAME = "$(TARGET_NAME)";
				SWIFT_VERSION = 4.2;
				TARGETED_DEVICE_FAMILY = "1,2";
			};
			name = Release;
		};
/* End XCBuildConfiguration section */

/* Begin XCConfigurationList section */
		D981DEED21CDD45E004DBEB1 /* Build configuration list for PBXProject "Sec3_MyLocations" */ = {
			isa = XCConfigurationList;
			buildConfigurations = (
				D981DF0421CDD45F004DBEB1 /* Debug */,
				D981DF0521CDD45F004DBEB1 /* Release */,
			);
			defaultConfigurationIsVisible = 0;
			defaultConfigurationName = Release;
		};
		D981DF0621CDD45F004DBEB1 /* Build configuration list for PBXNativeTarget "Sec3_MyLocations" */ = {
			isa = XCConfigurationList;
			buildConfigurations = (
				D981DF0721CDD45F004DBEB1 /* Debug */,
				D981DF0821CDD45F004DBEB1 /* Release */,
			);
			defaultConfigurationIsVisible = 0;
			defaultConfigurationName = Release;
		};
/* End XCConfigurationList section */

/* Begin XCVersionGroup section */
		D9D51AA721D8A79300597942 /* DataModel.xcdatamodeld */ = {
			isa = XCVersionGroup;
			children = (
				D9D51AA821D8A79300597942 /* DataModel.xcdatamodel */,
			);
			currentVersion = D9D51AA821D8A79300597942 /* DataModel.xcdatamodel */;
			path = DataModel.xcdatamodeld;
			sourceTree = "<group>";
			versionGroupType = wrapper.xcdatamodel;
		};
/* End XCVersionGroup section */
	};
	rootObject = D981DEEA21CDD45E004DBEB1 /* Project object */;
}
