// !$*UTF8*$!
{
	archiveVersion = 1;
	classes = {
	};
	objectVersion = 50;
	objects = {

/* Begin PBXBuildFile section */
		D976B96B21F19090007499DE /* AppDelegate.swift in Sources */ = {isa = PBXBuildFile; fileRef = D976B96A21F19090007499DE /* AppDelegate.swift */; };
		D976B96D21F19090007499DE /* QuestionViewController.swift in Sources */ = {isa = PBXBuildFile; fileRef = D976B96C21F19090007499DE /* QuestionViewController.swift */; };
		D976B97021F19090007499DE /* Main.storyboard in Resources */ = {isa = PBXBuildFile; fileRef = D976B96E21F19090007499DE /* Main.storyboard */; };
		D976B98321F19132007499DE /* Question.swift in Sources */ = {isa = PBXBuildFile; fileRef = D976B98221F19132007499DE /* Question.swift */; };
		D976B98521F19175007499DE /* QuestionGroup.swift in Sources */ = {isa = PBXBuildFile; fileRef = D976B98421F19175007499DE /* QuestionGroup.swift */; };
		D976B98721F19242007499DE /* QuestionGroupData.swift in Sources */ = {isa = PBXBuildFile; fileRef = D976B98621F19242007499DE /* QuestionGroupData.swift */; };
		D976B98921F19292007499DE /* Assets.xcassets in Resources */ = {isa = PBXBuildFile; fileRef = D976B98821F19292007499DE /* Assets.xcassets */; };
		D976B98B21F192B7007499DE /* LaunchScreen.storyboard in Resources */ = {isa = PBXBuildFile; fileRef = D976B98A21F192B7007499DE /* LaunchScreen.storyboard */; };
		D976B98D21F192D4007499DE /* QuestionView.swift in Sources */ = {isa = PBXBuildFile; fileRef = D976B98C21F192D4007499DE /* QuestionView.swift */; };
/* End PBXBuildFile section */

/* Begin PBXFileReference section */
		D976B96721F19090007499DE /* S3_MVCTutorial.app */ = {isa = PBXFileReference; explicitFileType = wrapper.application; includeInIndex = 0; path = S3_MVCTutorial.app; sourceTree = BUILT_PRODUCTS_DIR; };
		D976B96A21F19090007499DE /* AppDelegate.swift */ = {isa = PBXFileReference; lastKnownFileType = sourcecode.swift; path = AppDelegate.swift; sourceTree = "<group>"; };
		D976B96C21F19090007499DE /* QuestionViewController.swift */ = {isa = PBXFileReference; lastKnownFileType = sourcecode.swift; path = QuestionViewController.swift; sourceTree = "<group>"; };
		D976B96F21F19090007499DE /* Base */ = {isa = PBXFileReference; lastKnownFileType = file.storyboard; name = Base; path = Base.lproj/Main.storyboard; sourceTree = "<group>"; };
		D976B97621F19090007499DE /* Info.plist */ = {isa = PBXFileReference; lastKnownFileType = text.plist.xml; path = Info.plist; sourceTree = "<group>"; };
		D976B98221F19132007499DE /* Question.swift */ = {isa = PBXFileReference; lastKnownFileType = sourcecode.swift; path = Question.swift; sourceTree = "<group>"; };
		D976B98421F19175007499DE /* QuestionGroup.swift */ = {isa = PBXFileReference; lastKnownFileType = sourcecode.swift; path = QuestionGroup.swift; sourceTree = "<group>"; };
		D976B98621F19242007499DE /* QuestionGroupData.swift */ = {isa = PBXFileReference; fileEncoding = 4; lastKnownFileType = sourcecode.swift; path = QuestionGroupData.swift; sourceTree = "<group>"; };
		D976B98821F19292007499DE /* Assets.xcassets */ = {isa = PBXFileReference; lastKnownFileType = folder.assetcatalog; path = Assets.xcassets; sourceTree = "<group>"; };
		D976B98A21F192B7007499DE /* LaunchScreen.storyboard */ = {isa = PBXFileReference; fileEncoding = 4; lastKnownFileType = file.storyboard; path = LaunchScreen.storyboard; sourceTree = "<group>"; };
		D976B98C21F192D4007499DE /* QuestionView.swift */ = {isa = PBXFileReference; lastKnownFileType = sourcecode.swift; path = QuestionView.swift; sourceTree = "<group>"; };
/* End PBXFileReference section */

/* Begin PBXFrameworksBuildPhase section */
		D976B96421F19090007499DE /* Frameworks */ = {
			isa = PBXFrameworksBuildPhase;
			buildActionMask = 2147483647;
			files = (
			);
			runOnlyForDeploymentPostprocessing = 0;
		};
/* End PBXFrameworksBuildPhase section */

/* Begin PBXGroup section */
		D976B95E21F19090007499DE = {
			isa = PBXGroup;
			children = (
				D976B96921F19090007499DE /* S3_MVCTutorial */,
				D976B96821F19090007499DE /* Products */,
			);
			sourceTree = "<group>";
		};
		D976B96821F19090007499DE /* Products */ = {
			isa = PBXGroup;
			children = (
				D976B96721F19090007499DE /* S3_MVCTutorial.app */,
			);
			name = Products;
			sourceTree = "<group>";
		};
		D976B96921F19090007499DE /* S3_MVCTutorial */ = {
			isa = PBXGroup;
			children = (
				D976B98021F190B8007499DE /* AppDelegate */,
				D976B97F21F190B1007499DE /* Models */,
				D976B97E21F1909D007499DE /* Views */,
				D976B97D21F1909C007499DE /* Controllers */,
				D976B97C21F19099007499DE /* Resources */,
			);
			path = S3_MVCTutorial;
			sourceTree = "<group>";
		};
		D976B97C21F19099007499DE /* Resources */ = {
			isa = PBXGroup;
			children = (
				D976B98821F19292007499DE /* Assets.xcassets */,
				D976B97621F19090007499DE /* Info.plist */,
			);
			path = Resources;
			sourceTree = "<group>";
		};
		D976B97D21F1909C007499DE /* Controllers */ = {
			isa = PBXGroup;
			children = (
				D976B96C21F19090007499DE /* QuestionViewController.swift */,
			);
			path = Controllers;
			sourceTree = "<group>";
		};
		D976B97E21F1909D007499DE /* Views */ = {
			isa = PBXGroup;
			children = (
				D976B98121F190CD007499DE /* Storyboard */,
				D976B98C21F192D4007499DE /* QuestionView.swift */,
			);
			path = Views;
			sourceTree = "<group>";
		};
		D976B97F21F190B1007499DE /* Models */ = {
			isa = PBXGroup;
			children = (
				D976B98221F19132007499DE /* Question.swift */,
				D976B98421F19175007499DE /* QuestionGroup.swift */,
				D976B98621F19242007499DE /* QuestionGroupData.swift */,
			);
			path = Models;
			sourceTree = "<group>";
		};
		D976B98021F190B8007499DE /* AppDelegate */ = {
			isa = PBXGroup;
			children = (
				D976B96A21F19090007499DE /* AppDelegate.swift */,
			);
			path = AppDelegate;
			sourceTree = "<group>";
		};
		D976B98121F190CD007499DE /* Storyboard */ = {
			isa = PBXGroup;
			children = (
				D976B96E21F19090007499DE /* Main.storyboard */,
				D976B98A21F192B7007499DE /* LaunchScreen.storyboard */,
			);
			path = Storyboard;
			sourceTree = "<group>";
		};
/* End PBXGroup section */

/* Begin PBXNativeTarget section */
		D976B96621F19090007499DE /* S3_MVCTutorial */ = {
			isa = PBXNativeTarget;
			buildConfigurationList = D976B97921F19090007499DE /* Build configuration list for PBXNativeTarget "S3_MVCTutorial" */;
			buildPhases = (
				D976B96321F19090007499DE /* Sources */,
				D976B96421F19090007499DE /* Frameworks */,
				D976B96521F19090007499DE /* Resources */,
			);
			buildRules = (
			);
			dependencies = (
			);
			name = S3_MVCTutorial;
			productName = S3_MVCTutorial;
			productReference = D976B96721F19090007499DE /* S3_MVCTutorial.app */;
			productType = "com.apple.product-type.application";
		};
/* End PBXNativeTarget section */

/* Begin PBXProject section */
		D976B95F21F19090007499DE /* Project object */ = {
			isa = PBXProject;
			attributes = {
				LastSwiftUpdateCheck = 1010;
				LastUpgradeCheck = 1010;
				ORGANIZATIONNAME = onemoon;
				TargetAttributes = {
					D976B96621F19090007499DE = {
						CreatedOnToolsVersion = 10.1;
					};
				};
			};
			buildConfigurationList = D976B96221F19090007499DE /* Build configuration list for PBXProject "S3_MVCTutorial" */;
			compatibilityVersion = "Xcode 9.3";
			developmentRegion = en;
			hasScannedForEncodings = 0;
			knownRegions = (
				en,
				Base,
			);
			mainGroup = D976B95E21F19090007499DE;
			productRefGroup = D976B96821F19090007499DE /* Products */;
			projectDirPath = "";
			projectRoot = "";
			targets = (
				D976B96621F19090007499DE /* S3_MVCTutorial */,
			);
		};
/* End PBXProject section */

/* Begin PBXResourcesBuildPhase section */
		D976B96521F19090007499DE /* Resources */ = {
			isa = PBXResourcesBuildPhase;
			buildActionMask = 2147483647;
			files = (
				D976B98B21F192B7007499DE /* LaunchScreen.storyboard in Resources */,
				D976B98921F19292007499DE /* Assets.xcassets in Resources */,
				D976B97021F19090007499DE /* Main.storyboard in Resources */,
			);
			runOnlyForDeploymentPostprocessing = 0;
		};
/* End PBXResourcesBuildPhase section */

/* Begin PBXSourcesBuildPhase section */
		D976B96321F19090007499DE /* Sources */ = {
			isa = PBXSourcesBuildPhase;
			buildActionMask = 2147483647;
			files = (
				D976B98321F19132007499DE /* Question.swift in Sources */,
				D976B96D21F19090007499DE /* QuestionViewController.swift in Sources */,
				D976B96B21F19090007499DE /* AppDelegate.swift in Sources */,
				D976B98521F19175007499DE /* QuestionGroup.swift in Sources */,
				D976B98D21F192D4007499DE /* QuestionView.swift in Sources */,
				D976B98721F19242007499DE /* QuestionGroupData.swift in Sources */,
			);
			runOnlyForDeploymentPostprocessing = 0;
		};
/* End PBXSourcesBuildPhase section */

/* Begin PBXVariantGroup section */
		D976B96E21F19090007499DE /* Main.storyboard */ = {
			isa = PBXVariantGroup;
			children = (
				D976B96F21F19090007499DE /* Base */,
			);
			name = Main.storyboard;
			sourceTree = "<group>";
		};
/* End PBXVariantGroup section */

/* Begin XCBuildConfiguration section */
		D976B97721F19090007499DE /* Debug */ = {
			isa = XCBuildConfiguration;
			buildSettings = {
				ALWAYS_SEARCH_USER_PATHS = NO;
				CLANG_ANALYZER_NONNULL = YES;
				CLANG_ANALYZER_NUMBER_OBJECT_CONVERSION = YES_AGGRESSIVE;
				CLANG_CXX_LANGUAGE_STANDARD = "gnu++14";
				CLANG_CXX_LIBRARY = "libc++";
				CLANG_ENABLE_MODULES = YES;
				CLANG_ENABLE_OBJC_ARC = YES;
				CLANG_ENABLE_OBJC_WEAK = YES;
				CLANG_WARN_BLOCK_CAPTURE_AUTORELEASING = YES;
				CLANG_WARN_BOOL_CONVERSION = YES;
				CLANG_WARN_COMMA = YES;
				CLANG_WARN_CONSTANT_CONVERSION = YES;
				CLANG_WARN_DEPRECATED_OBJC_IMPLEMENTATIONS = YES;
				CLANG_WARN_DIRECT_OBJC_ISA_USAGE = YES_ERROR;
				CLANG_WARN_DOCUMENTATION_COMMENTS = YES;
				CLANG_WARN_EMPTY_BODY = YES;
				CLANG_WARN_ENUM_CONVERSION = YES;
				CLANG_WARN_INFINITE_RECURSION = YES;
				CLANG_WARN_INT_CONVERSION = YES;
				CLANG_WARN_NON_LITERAL_NULL_CONVERSION = YES;
				CLANG_WARN_OBJC_IMPLICIT_RETAIN_SELF = YES;
				CLANG_WARN_OBJC_LITERAL_CONVERSION = YES;
				CLANG_WARN_OBJC_ROOT_CLASS = YES_ERROR;
				CLANG_WARN_RANGE_LOOP_ANALYSIS = YES;
				CLANG_WARN_STRICT_PROTOTYPES = YES;
				CLANG_WARN_SUSPICIOUS_MOVE = YES;
				CLANG_WARN_UNGUARDED_AVAILABILITY = YES_AGGRESSIVE;
				CLANG_WARN_UNREACHABLE_CODE = YES;
				CLANG_WARN__DUPLICATE_METHOD_MATCH = YES;
				CODE_SIGN_IDENTITY = "iPhone Developer";
				COPY_PHASE_STRIP = NO;
				DEBUG_INFORMATION_FORMAT = dwarf;
				ENABLE_STRICT_OBJC_MSGSEND = YES;
				ENABLE_TESTABILITY = YES;
				GCC_C_LANGUAGE_STANDARD = gnu11;
				GCC_DYNAMIC_NO_PIC = NO;
				GCC_NO_COMMON_BLOCKS = YES;
				GCC_OPTIMIZATION_LEVEL = 0;
				GCC_PREPROCESSOR_DEFINITIONS = (
					"DEBUG=1",
					"$(inherited)",
				);
				GCC_WARN_64_TO_32_BIT_CONVERSION = YES;
				GCC_WARN_ABOUT_RETURN_TYPE = YES_ERROR;
				GCC_WARN_UNDECLARED_SELECTOR = YES;
				GCC_WARN_UNINITIALIZED_AUTOS = YES_AGGRESSIVE;
				GCC_WARN_UNUSED_FUNCTION = YES;
				GCC_WARN_UNUSED_VARIABLE = YES;
				IPHONEOS_DEPLOYMENT_TARGET = 12.1;
				MTL_ENABLE_DEBUG_INFO = INCLUDE_SOURCE;
				MTL_FAST_MATH = YES;
				ONLY_ACTIVE_ARCH = YES;
				SDKROOT = iphoneos;
				SWIFT_ACTIVE_COMPILATION_CONDITIONS = DEBUG;
				SWIFT_OPTIMIZATION_LEVEL = "-Onone";
			};
			name = Debug;
		};
		D976B97821F19090007499DE /* Release */ = {
			isa = XCBuildConfiguration;
			buildSettings = {
				ALWAYS_SEARCH_USER_PATHS = NO;
				CLANG_ANALYZER_NONNULL = YES;
				CLANG_ANALYZER_NUMBER_OBJECT_CONVERSION = YES_AGGRESSIVE;
				CLANG_CXX_LANGUAGE_STANDARD = "gnu++14";
				CLANG_CXX_LIBRARY = "libc++";
				CLANG_ENABLE_MODULES = YES;
				CLANG_ENABLE_OBJC_ARC = YES;
				CLANG_ENABLE_OBJC_WEAK = YES;
				CLANG_WARN_BLOCK_CAPTURE_AUTORELEASING = YES;
				CLANG_WARN_BOOL_CONVERSION = YES;
				CLANG_WARN_COMMA = YES;
				CLANG_WARN_CONSTANT_CONVERSION = YES;
				CLANG_WARN_DEPRECATED_OBJC_IMPLEMENTATIONS = YES;
				CLANG_WARN_DIRECT_OBJC_ISA_USAGE = YES_ERROR;
				CLANG_WARN_DOCUMENTATION_COMMENTS = YES;
				CLANG_WARN_EMPTY_BODY = YES;
				CLANG_WARN_ENUM_CONVERSION = YES;
				CLANG_WARN_INFINITE_RECURSION = YES;
				CLANG_WARN_INT_CONVERSION = YES;
				CLANG_WARN_NON_LITERAL_NULL_CONVERSION = YES;
				CLANG_WARN_OBJC_IMPLICIT_RETAIN_SELF = YES;
				CLANG_WARN_OBJC_LITERAL_CONVERSION = YES;
				CLANG_WARN_OBJC_ROOT_CLASS = YES_ERROR;
				CLANG_WARN_RANGE_LOOP_ANALYSIS = YES;
				CLANG_WARN_STRICT_PROTOTYPES = YES;
				CLANG_WARN_SUSPICIOUS_MOVE = YES;
				CLANG_WARN_UNGUARDED_AVAILABILITY = YES_AGGRESSIVE;
				CLANG_WARN_UNREACHABLE_CODE = YES;
				CLANG_WARN__DUPLICATE_METHOD_MATCH = YES;
				CODE_SIGN_IDENTITY = "iPhone Developer";
				COPY_PHASE_STRIP = NO;
				DEBUG_INFORMATION_FORMAT = "dwarf-with-dsym";
				ENABLE_NS_ASSERTIONS = NO;
				ENABLE_STRICT_OBJC_MSGSEND = YES;
				GCC_C_LANGUAGE_STANDARD = gnu11;
				GCC_NO_COMMON_BLOCKS = YES;
				GCC_WARN_64_TO_32_BIT_CONVERSION = YES;
				GCC_WARN_ABOUT_RETURN_TYPE = YES_ERROR;
				GCC_WARN_UNDECLARED_SELECTOR = YES;
				GCC_WARN_UNINITIALIZED_AUTOS = YES_AGGRESSIVE;
				GCC_WARN_UNUSED_FUNCTION = YES;
				GCC_WARN_UNUSED_VARIABLE = YES;
				IPHONEOS_DEPLOYMENT_TARGET = 12.1;
				MTL_ENABLE_DEBUG_INFO = NO;
				MTL_FAST_MATH = YES;
				SDKROOT = iphoneos;
				SWIFT_COMPILATION_MODE = wholemodule;
				SWIFT_OPTIMIZATION_LEVEL = "-O";
				VALIDATE_PRODUCT = YES;
			};
			name = Release;
		};
		D976B97A21F19090007499DE /* Debug */ = {
			isa = XCBuildConfiguration;
			buildSettings = {
				ASSETCATALOG_COMPILER_APPICON_NAME = AppIcon;
				CODE_SIGN_STYLE = Automatic;
				INFOPLIST_FILE = "$(SRCROOT)/S3_MVCTutorial/Resources/Info.plist";
				LD_RUNPATH_SEARCH_PATHS = (
					"$(inherited)",
					"@executable_path/Frameworks",
				);
				PRODUCT_BUNDLE_IDENTIFIER = "com.example.S3-MVCTutorial";
				PRODUCT_NAME = "$(TARGET_NAME)";
				SWIFT_VERSION = 4.2;
				TARGETED_DEVICE_FAMILY = "1,2";
			};
			name = Debug;
		};
		D976B97B21F19090007499DE /* Release */ = {
			isa = XCBuildConfiguration;
			buildSettings = {
				ASSETCATALOG_COMPILER_APPICON_NAME = AppIcon;
				CODE_SIGN_STYLE = Automatic;
				INFOPLIST_FILE = "$(SRCROOT)/S3_MVCTutorial/Resources/Info.plist";
				LD_RUNPATH_SEARCH_PATHS = (
					"$(inherited)",
					"@executable_path/Frameworks",
				);
				PRODUCT_BUNDLE_IDENTIFIER = "com.example.S3-MVCTutorial";
				PRODUCT_NAME = "$(TARGET_NAME)";
				SWIFT_VERSION = 4.2;
				TARGETED_DEVICE_FAMILY = "1,2";
			};
			name = Release;
		};
/* End XCBuildConfiguration section */

/* Begin XCConfigurationList section */
		D976B96221F19090007499DE /* Build configuration list for PBXProject "S3_MVCTutorial" */ = {
			isa = XCConfigurationList;
			buildConfigurations = (
				D976B97721F19090007499DE /* Debug */,
				D976B97821F19090007499DE /* Release */,
			);
			defaultConfigurationIsVisible = 0;
			defaultConfigurationName = Release;
		};
		D976B97921F19090007499DE /* Build configuration list for PBXNativeTarget "S3_MVCTutorial" */ = {
			isa = XCConfigurationList;
			buildConfigurations = (
				D976B97A21F19090007499DE /* Debug */,
				D976B97B21F19090007499DE /* Release */,
			);
			defaultConfigurationIsVisible = 0;
			defaultConfigurationName = Release;
		};
/* End XCConfigurationList section */
	};
	rootObject = D976B95F21F19090007499DE /* Project object */;
}
